
Microsoft Visual Studio Solution File, Format Version 12.00
# Visual Studio Version 17
VisualStudioVersion = 17.8.34309.116
MinimumVisualStudioVersion = 10.0.40219.1
Project("{FAE04EC0-301F-11D3-BF4B-00C04F79EFBC}") = "AutoSetCiscoPwd", "AutoSetCiscoPwd\AutoSetCiscoPwd.csproj", "{8FA5469F-8CDA-4B22-BBED-6A383BD8D1D3}"
EndProject
Global
	GlobalSection(SolutionConfigurationPlatforms) = preSolution
		Debug|Any CPU = Debug|Any CPU
		Release|Any CPU = Release|Any CPU
	EndGlobalSection
	GlobalSection(ProjectConfigurationPlatforms) = postSolution
		{8FA5469F-8CDA-4B22-BBED-6A383BD8D1D3}.Debug|Any CPU.ActiveCfg = Debug|Any CPU
		{8FA5469F-8CDA-4B22-BBED-6A383BD8D1D3}.Debug|Any CPU.Build.0 = Debug|Any CPU
		{8FA5469F-8CDA-4B22-BBED-6A383BD8D1D3}.Release|Any CPU.ActiveCfg = Release|Any CPU
		{8FA5469F-8CDA-4B22-BBED-6A383BD8D1D3}.Release|Any CPU.Build.0 = Release|Any CPU
	EndGlobalSection
	GlobalSection(SolutionProperties) = preSolution
		HideSolutionNode = FALSE
	EndGlobalSection
	GlobalSection(ExtensibilityGlobals) = postSolution
		SolutionGuid = {BF784D55-3FBA-4CF2-9668-E4D5570FE128}
	EndGlobalSection
EndGlobal
